%{"benchfella": {:hex, :benchfella, "0.3.5", "b2122c234117b3f91ed7b43b6e915e19e1ab216971154acd0a80ce0e9b8c05f5", [], [], "hexpm"},
  "espec": {:hex, :espec, "1.4.5", "42defe77dadd02c011281a1ee22c5e468303d2806c024e9ee9be6d18171d771f", [:mix], [{:meck, "0.8.7", [hex: :meck, repo: "hexpm", optional: false]}], "hexpm"},
  "meck": {:hex, :meck, "0.8.7", "ebad16ca23f685b07aed3bc011efff65fbaf28881a8adf925428ef5472d390ee", [:rebar3], [], "hexpm"}}
